<Solution>
  <Folder Name="/Task0/">
    <Project Path="Tyuiu.ChashchinaSA.Sprint1.Task0.V23.Lib/Tyuiu.ChashchinaSA.Sprint1.Task0.V23.Lib.csproj" Id="383c8b8c-1271-45d9-8a1c-b8a882dae058" />
    <Project Path="Tyuiu.ChashchinaSA.Sprint1.Task0.V23.Test/Tyuiu.ChashchinaSA.Sprint1.Task0.V23.Test.csproj" />
    <Project Path="Tyuiu.ChashchinaSA.Sprint1.Task0.V23/Tyuiu.ChashchinaSA.Sprint1.Task0.V23.csproj" />
  </Folder>
  <Folder Name="/Task1/">
    <Project Path="Tyuiu.ChashchinaSA.Sprint1.Task1.V2.Lib/Tyuiu.ChashchinaSA.Sprint1.Task1.V2.Lib.csproj" Id="6963ca90-eb71-438f-a936-036ee6e64f1e" />
    <Project Path="Tyuiu.ChashchinaSA.Sprint1.Task1.V2.Test/Tyuiu.ChashchinaSA.Sprint1.Task1.V2.Test.csproj" Id="74f81ee3-5078-4d0d-bb4f-cf813b6722b2" />
    <Project Path="Tyuiu.ChashchinaSA.Sprint1.Task1.V2/Tyuiu.ChashchinaSA.Sprint1.Task1.V2.csproj" Id="8767ab44-4d2a-416d-8eb7-ccf4b318d916" />
  </Folder>
  <Folder Name="/Task2/">
    <Project Path="Tyuiu.ChashchinaSA.Sprint1.Task2.V5.Lib/Tyuiu.ChashchinaSA.Sprint1.Task2.V5.Lib.csproj" Id="bb8281eb-13ee-4753-b37e-9d8a5b101931" />
    <Project Path="Tyuiu.ChashchinaSA.Sprint1.Task2.V5.Test/Tyuiu.ChashchinaSA.Sprint1.Task2.V5.Test.csproj" Id="674b47bb-3e6f-4bec-80a7-7ccbd2680bb5" />
    <Project Path="Tyuiu.ChashchinaSA.Sprint1.Task2.V5/Tyuiu.ChashchinaSA.Sprint1.Task2.V5.csproj" Id="afd22618-6395-4c5c-a0e5-da0983f378bf" />
  </Folder>
  <Folder Name="/Task3/">
    <Project Path="Tyuiu.ChashchinaSA.Sprint1.Task3.V10.Lib/Tyuiu.ChashchinaSA.Sprint1.Task3.V10.Lib.csproj" Id="96c7a726-7809-4937-a3c5-823de1494a84" />
    <Project Path="Tyuiu.ChashchinaSA.Sprint1.Task3.V10.Test/Tyuiu.ChashchinaSA.Sprint1.Task3.V10.Test.csproj" Id="b9de18b9-157f-4bbb-87ca-a047e2eae294" />
    <Project Path="Tyuiu.ChashchinaSA.Sprint1.Task3.V10/Tyuiu.ChashchinaSA.Sprint1.Task3.V10.csproj" Id="13c9c6c3-2358-4f3f-b893-0832a3893748" />
  </Folder>
  <Folder Name="/Task4/">
    <Project Path="Tyuiu.ChashchinaSA.Sprint1.Task4.V10.Lib/Tyuiu.ChashchinaSA.Sprint1.Task4.V10.Lib.csproj" Id="fc33f49e-6969-4d3b-9e8e-ed0e633e64ed" />
    <Project Path="Tyuiu.ChashchinaSA.Sprint1.Task4.V10.Test/Tyuiu.ChashchinaSA.Sprint1.Task4.V10.Test.csproj" Id="256c976d-90e1-48ae-b118-734da3c1f060" />
    <Project Path="Tyuiu.ChashchinaSA.Sprint1.Task4.V10/Tyuiu.ChashchinaSA.Sprint1.Task4.V10.csproj" Id="34ec9592-81a7-4a08-a6ee-4905e156917f" />
  </Folder>
  <Folder Name="/Task5/">
    <Project Path="Tyuiu.ChashchinaSA.Sprint1.Task5.V5.Lib/Tyuiu.ChashchinaSA.Sprint1.Task5.V5.Lib.csproj" Id="47f3fb9c-37dc-4165-ad9d-1d1fd2101cc1" />
    <Project Path="Tyuiu.ChashchinaSA.Sprint1.Task5.V5.Test/Tyuiu.ChashchinaSA.Sprint1.Task5.V5.Test.csproj" Id="cad282b7-1726-4ce5-b17a-b958d7caa3f5" />
    <Project Path="Tyuiu.ChashchinaSA.Sprint1.Task5.V5/Tyuiu.ChashchinaSA.Sprint1.Task5.V5.csproj" Id="1932a29c-ab2b-4947-a8de-bbc6aee4d480" />
  </Folder>
  <Folder Name="/Task6/">
    <Project Path="Tyuiu.ChashchinaSA.Sprint1.Task6.V16.Lib/Tyuiu.ChashchinaSA.Sprint1.Task6.V16.Lib.csproj" Id="041a3cb4-9b0a-44b3-a644-9c7171ff50fc" />
    <Project Path="Tyuiu.ChashchinaSA.Sprint1.Task6.V16.Test/Tyuiu.ChashchinaSA.Sprint1.Task6.V16.Test.csproj" Id="46a10865-cf2d-4bec-8225-1b2fc0a4fb25" />
    <Project Path="Tyuiu.ChashchinaSA.Sprint1.Task6.V16/Tyuiu.ChashchinaSA.Sprint1.Task6.V16.csproj" Id="b097836a-e2eb-4b92-af98-fd5f1ee3c9a2" />
  </Folder>
  <Folder Name="/Task7/">
    <Project Path="Tyuiu.ChashchinaSA.Sprint1.Task7.V2.Lib/Tyuiu.ChashchinaSA.Sprint1.Task7.V2.Lib.csproj" Id="47235fc1-fcea-4fd4-bfb4-dbca509c323c" />
    <Project Path="Tyuiu.ChashchinaSA.Sprint1.Task7.V2.Test/Tyuiu.ChashchinaSA.Sprint1.Task7.V2.Test.csproj" Id="c0fccacf-90e0-4ab7-9424-634f14b4a077" />
    <Project Path="Tyuiu.ChashchinaSA.Sprint1.Task7.V2/Tyuiu.ChashchinaSA.Sprint1.Task7.V2.csproj" Id="2a9badda-8c26-44b6-8d4e-8a5e962d77c5" />
  </Folder>
</Solution>
