<Solution>
  <Folder Name="/Task0/">
    <Project Path="Tyuiu.ChashchinaSA.Sprint1.Task0.V23.Lib/Tyuiu.ChashchinaSA.Sprint1.Task0.V23.Lib.csproj" Id="383c8b8c-1271-45d9-8a1c-b8a882dae058" />
    <Project Path="Tyuiu.ChashchinaSA.Sprint1.Task0.V23.Test/Tyuiu.ChashchinaSA.Sprint1.Task0.V23.Test.csproj" />
    <Project Path="Tyuiu.ChashchinaSA.Sprint1.Task0.V23/Tyuiu.ChashchinaSA.Sprint1.Task0.V23.csproj" />
  </Folder>
</Solution>
